
Microsoft Visual Studio Solution File, Format Version 12.00
# Visual Studio Version 16
VisualStudioVersion = 16.0.31005.135
MinimumVisualStudioVersion = 10.0.40219.1
Project("{FAE04EC0-301F-11D3-BF4B-00C04F79EFBC}") = "SimpleTetris", "SimpleTetris\SimpleTetris.csproj", "{15811BE3-4F09-4D59-99AD-29E8A7570B54}"
EndProject
Project("{FAE04EC0-301F-11D3-BF4B-00C04F79EFBC}") = "Tetriminify", "Tetriminify\Tetriminify.csproj", "{2A1F1503-AB85-42CD-925E-D8B91E95AFF0}"
EndProject
Global
	GlobalSection(SolutionConfigurationPlatforms) = preSolution
		Debug|Any CPU = Debug|Any CPU
		Release|Any CPU = Release|Any CPU
	EndGlobalSection
	GlobalSection(ProjectConfigurationPlatforms) = postSolution
		{15811BE3-4F09-4D59-99AD-29E8A7570B54}.Debug|Any CPU.ActiveCfg = Debug|Any CPU
		{15811BE3-4F09-4D59-99AD-29E8A7570B54}.Debug|Any CPU.Build.0 = Debug|Any CPU
		{15811BE3-4F09-4D59-99AD-29E8A7570B54}.Release|Any CPU.ActiveCfg = Release|Any CPU
		{15811BE3-4F09-4D59-99AD-29E8A7570B54}.Release|Any CPU.Build.0 = Release|Any CPU
		{2A1F1503-AB85-42CD-925E-D8B91E95AFF0}.Debug|Any CPU.ActiveCfg = Debug|Any CPU
		{2A1F1503-AB85-42CD-925E-D8B91E95AFF0}.Debug|Any CPU.Build.0 = Debug|Any CPU
		{2A1F1503-AB85-42CD-925E-D8B91E95AFF0}.Release|Any CPU.ActiveCfg = Release|Any CPU
		{2A1F1503-AB85-42CD-925E-D8B91E95AFF0}.Release|Any CPU.Build.0 = Release|Any CPU
	EndGlobalSection
	GlobalSection(SolutionProperties) = preSolution
		HideSolutionNode = FALSE
	EndGlobalSection
	GlobalSection(ExtensibilityGlobals) = postSolution
		SolutionGuid = {398CD40E-30CA-4266-8B3F-72880CD5BFBC}
	EndGlobalSection
EndGlobal
